
Microsoft Visual Studio Solution File, Format Version 12.00
# Visual Studio 15
VisualStudioVersion = 15.0.27004.2005
MinimumVisualStudioVersion = 10.0.40219.1
Project("{9A19103F-16F7-4668-BE54-9A1E7A4F7556}") = "StopMonkey", "StopMonkey\StopMonkey.csproj", "{6A270855-3B95-45DE-B777-C13F614F6CAF}"
EndProject
Project("{FAE04EC0-301F-11D3-BF4B-00C04F79EFBC}") = "StopMonkeyUnitTest", "StopMonkeyUnitTest\StopMonkeyUnitTest.csproj", "{96893556-484F-4E68-8CE8-3BFD175F9BB8}"
EndProject
Global
	GlobalSection(SolutionConfigurationPlatforms) = preSolution
		Debug|Any CPU = Debug|Any CPU
		Release|Any CPU = Release|Any CPU
	EndGlobalSection
	GlobalSection(ProjectConfigurationPlatforms) = postSolution
		{6A270855-3B95-45DE-B777-C13F614F6CAF}.Debug|Any CPU.ActiveCfg = Debug|Any CPU
		{6A270855-3B95-45DE-B777-C13F614F6CAF}.Debug|Any CPU.Build.0 = Debug|Any CPU
		{6A270855-3B95-45DE-B777-C13F614F6CAF}.Release|Any CPU.ActiveCfg = Release|Any CPU
		{6A270855-3B95-45DE-B777-C13F614F6CAF}.Release|Any CPU.Build.0 = Release|Any CPU
		{96893556-484F-4E68-8CE8-3BFD175F9BB8}.Debug|Any CPU.ActiveCfg = Debug|Any CPU
		{96893556-484F-4E68-8CE8-3BFD175F9BB8}.Debug|Any CPU.Build.0 = Debug|Any CPU
		{96893556-484F-4E68-8CE8-3BFD175F9BB8}.Release|Any CPU.ActiveCfg = Release|Any CPU
		{96893556-484F-4E68-8CE8-3BFD175F9BB8}.Release|Any CPU.Build.0 = Release|Any CPU
	EndGlobalSection
	GlobalSection(SolutionProperties) = preSolution
		HideSolutionNode = FALSE
	EndGlobalSection
	GlobalSection(ExtensibilityGlobals) = postSolution
		SolutionGuid = {05FD084F-3F07-47BB-A6AD-A0D1DB8B5BF9}
	EndGlobalSection
EndGlobal
